# This file is automatically @generated by Cargo.
# It is not intended for manual editing.
version = 4

[[package]]
name = "vyges-geom"
version = "0.0.1"
source = "git+https://github.com/vyges-tools/geom?branch=main#89aa6c967ff0c69fed4a4fde124714612c67ef1f"

[[package]]
name = "vyges-layout"
version = "0.0.1"
source = "git+https://github.com/vyges-tools/layout?branch=main#29556aebf803f48ec7cb2961aebc9b3a1406199b"
dependencies = [
 "vyges-geom",
]

[[package]]
name = "vyges-lvs"
version = "0.1.2"
dependencies = [
 "vyges-layout",
]
