# This file is automatically @generated by Cargo.
# It is not intended for manual editing.
version = 4

[[package]]
name = "vyges-layout"
version = "0.0.1"
source = "git+https://github.com/vyges-tools/layout?branch=main#43c7d3f275a302418a621f1b732eae8dd34441c0"

[[package]]
name = "vyges-lvs"
version = "0.1.0"
dependencies = [
 "vyges-layout",
]
